# This file is automatically @generated by Cargo.
# It is not intended for manual editing.
version = 3

[[package]]
name = "sse"
version = "0.0.0"
source = "git+https://github.com/Ella-Hoeppner/SSE.git#fdd1eeac7d510657e3f6ccee54baa399eba9a3c5"
dependencies = [
 "unicode-segmentation",
]

[[package]]
name = "tynt"
version = "0.0.0"
dependencies = [
 "sse",
]

[[package]]
name = "unicode-segmentation"
version = "1.11.0"
source = "registry+https://github.com/rust-lang/crates.io-index"
checksum = "d4c87d22b6e3f4a18d4d40ef354e97c90fcb14dd91d7dc0aa9d8a1172ebf7202"
